
Microsoft Visual Studio Solution File, Format Version 12.00
# Visual Studio 14
VisualStudioVersion = 14.0.25123.0
MinimumVisualStudioVersion = 10.0.40219.1
Project("{FAE04EC0-301F-11D3-BF4B-00C04F79EFBC}") = "PRI.DICore", "PRI.DICore\PRI.DICore.csproj", "{2D4FB065-15F8-4ABF-A6F4-E672756EDA65}"
EndProject
Project("{2150E333-8FDC-42A3-9474-1A3956D46DE8}") = "Other", "Other", "{44E5E892-06F8-491F-8D09-71A503E1B0E3}"
	ProjectSection(SolutionItems) = preProject
		.gitignore = .gitignore
		appveyor.yml = appveyor.yml
		DICore.sln.DotSettings = DICore.sln.DotSettings
		LICENSE = LICENSE
		README.md = README.md
	EndProjectSection
EndProject
Project("{FAE04EC0-301F-11D3-BF4B-00C04F79EFBC}") = "PRI.DICore.SystemNetHttp", "PRI.DICore.SystemNetHttp\PRI.DICore.SystemNetHttp.csproj", "{E35B2D46-3B13-4C0D-A3EC-6B61FA62B472}"
EndProject
Global
	GlobalSection(SolutionConfigurationPlatforms) = preSolution
		Debug|Any CPU = Debug|Any CPU
		Release|Any CPU = Release|Any CPU
	EndGlobalSection
	GlobalSection(ProjectConfigurationPlatforms) = postSolution
		{2D4FB065-15F8-4ABF-A6F4-E672756EDA65}.Debug|Any CPU.ActiveCfg = Debug|Any CPU
		{2D4FB065-15F8-4ABF-A6F4-E672756EDA65}.Debug|Any CPU.Build.0 = Debug|Any CPU
		{2D4FB065-15F8-4ABF-A6F4-E672756EDA65}.Release|Any CPU.ActiveCfg = Release|Any CPU
		{2D4FB065-15F8-4ABF-A6F4-E672756EDA65}.Release|Any CPU.Build.0 = Release|Any CPU
		{E35B2D46-3B13-4C0D-A3EC-6B61FA62B472}.Debug|Any CPU.ActiveCfg = Debug|Any CPU
		{E35B2D46-3B13-4C0D-A3EC-6B61FA62B472}.Debug|Any CPU.Build.0 = Debug|Any CPU
		{E35B2D46-3B13-4C0D-A3EC-6B61FA62B472}.Release|Any CPU.ActiveCfg = Release|Any CPU
		{E35B2D46-3B13-4C0D-A3EC-6B61FA62B472}.Release|Any CPU.Build.0 = Release|Any CPU
	EndGlobalSection
	GlobalSection(SolutionProperties) = preSolution
		HideSolutionNode = FALSE
	EndGlobalSection
EndGlobal
